// !$*UTF8*$!
{
	archiveVersion = 1;
	classes = {
	};
	objectVersion = 50;
	objects = {

/* Begin PBXBuildFile section */
		988D35C62483B96E00912D77 /* AppDelegate.swift in Sources */ = {isa = PBXBuildFile; fileRef = 988D35C52483B96E00912D77 /* AppDelegate.swift */; };
		988D35C82483B96E00912D77 /* SceneDelegate.swift in Sources */ = {isa = PBXBuildFile; fileRef = 988D35C72483B96E00912D77 /* SceneDelegate.swift */; };
		988D35CA2483B96E00912D77 /* ViewController.swift in Sources */ = {isa = PBXBuildFile; fileRef = 988D35C92483B96E00912D77 /* ViewController.swift */; };
		988D35CD2483B96E00912D77 /* Main.storyboard in Resources */ = {isa = PBXBuildFile; fileRef = 988D35CB2483B96E00912D77 /* Main.storyboard */; };
		988D35CF2483B96F00912D77 /* Assets.xcassets in Resources */ = {isa = PBXBuildFile; fileRef = 988D35CE2483B96F00912D77 /* Assets.xcassets */; };
		988D35D22483B96F00912D77 /* LaunchScreen.storyboard in Resources */ = {isa = PBXBuildFile; fileRef = 988D35D02483B96F00912D77 /* LaunchScreen.storyboard */; };
/* End PBXBuildFile section */

/* Begin PBXFileReference section */
		988D35C22483B96E00912D77 /* youtube-onedaybuild.app */ = {isa = PBXFileReference; explicitFileType = wrapper.application; includeInIndex = 0; path = "youtube-onedaybuild.app"; sourceTree = BUILT_PRODUCTS_DIR; };
		988D35C52483B96E00912D77 /* AppDelegate.swift */ = {isa = PBXFileReference; lastKnownFileType = sourcecode.swift; path = AppDelegate.swift; sourceTree = "<group>"; };
		988D35C72483B96E00912D77 /* SceneDelegate.swift */ = {isa = PBXFileReference; lastKnownFileType = sourcecode.swift; path = SceneDelegate.swift; sourceTree = "<group>"; };
		988D35C92483B96E00912D77 /* ViewController.swift */ = {isa = PBXFileReference; lastKnownFileType = sourcecode.swift; path = ViewController.swift; sourceTree = "<group>"; };
		988D35CC2483B96E00912D77 /* Base */ = {isa = PBXFileReference; lastKnownFileType = file.storyboard; name = Base; path = Base.lproj/Main.storyboard; sourceTree = "<group>"; };
		988D35CE2483B96F00912D77 /* Assets.xcassets */ = {isa = PBXFileReference; lastKnownFileType = folder.assetcatalog; path = Assets.xcassets; sourceTree = "<group>"; };
		988D35D12483B96F00912D77 /* Base */ = {isa = PBXFileReference; lastKnownFileType = file.storyboard; name = Base; path = Base.lproj/LaunchScreen.storyboard; sourceTree = "<group>"; };
		988D35D32483B96F00912D77 /* Info.plist */ = {isa = PBXFileReference; lastKnownFileType = text.plist.xml; path = Info.plist; sourceTree = "<group>"; };
/* End PBXFileReference section */

/* Begin PBXFrameworksBuildPhase section */
		988D35BF2483B96E00912D77 /* Frameworks */ = {
			isa = PBXFrameworksBuildPhase;
			buildActionMask = 2147483647;
			files = (
			);
			runOnlyForDeploymentPostprocessing = 0;
		};
/* End PBXFrameworksBuildPhase section */

/* Begin PBXGroup section */
		988D35B92483B96E00912D77 = {
			isa = PBXGroup;
			children = (
				988D35C42483B96E00912D77 /* youtube-onedaybuild */,
				988D35C32483B96E00912D77 /* Products */,
			);
			sourceTree = "<group>";
		};
		988D35C32483B96E00912D77 /* Products */ = {
			isa = PBXGroup;
			children = (
				988D35C22483B96E00912D77 /* youtube-onedaybuild.app */,
			);
			name = Products;
			sourceTree = "<group>";
		};
		988D35C42483B96E00912D77 /* youtube-onedaybuild */ = {
			isa = PBXGroup;
			children = (
				988D35C52483B96E00912D77 /* AppDelegate.swift */,
				988D35C72483B96E00912D77 /* SceneDelegate.swift */,
				988D35C92483B96E00912D77 /* ViewController.swift */,
				988D35CB2483B96E00912D77 /* Main.storyboard */,
				988D35CE2483B96F00912D77 /* Assets.xcassets */,
				988D35D02483B96F00912D77 /* LaunchScreen.storyboard */,
				988D35D32483B96F00912D77 /* Info.plist */,
			);
			path = "youtube-onedaybuild";
			sourceTree = "<group>";
		};
/* End PBXGroup section */

/* Begin PBXNativeTarget section */
		988D35C12483B96E00912D77 /* youtube-onedaybuild */ = {
			isa = PBXNativeTarget;
			buildConfigurationList = 988D35D62483B96F00912D77 /* Build configuration list for PBXNativeTarget "youtube-onedaybuild" */;
			buildPhases = (
				988D35BE2483B96E00912D77 /* Sources */,
				988D35BF2483B96E00912D77 /* Frameworks */,
				988D35C02483B96E00912D77 /* Resources */,
			);
			buildRules = (
			);
			dependencies = (
			);
			name = "youtube-onedaybuild";
			productName = "youtube-onedaybuild";
			productReference = 988D35C22483B96E00912D77 /* youtube-onedaybuild.app */;
			productType = "com.apple.product-type.application";
		};
/* End PBXNativeTarget section */

/* Begin PBXProject section */
		988D35BA2483B96E00912D77 /* Project object */ = {
			isa = PBXProject;
			attributes = {
				LastSwiftUpdateCheck = 1150;
				LastUpgradeCheck = 1150;
				ORGANIZATIONNAME = sunlight;
				TargetAttributes = {
					988D35C12483B96E00912D77 = {
						CreatedOnToolsVersion = 11.5;
					};
				};
			};
			buildConfigurationList = 988D35BD2483B96E00912D77 /* Build configuration list for PBXProject "youtube-onedaybuild" */;
			compatibilityVersion = "Xcode 9.3";
			developmentRegion = en;
			hasScannedForEncodings = 0;
			knownRegions = (
				en,
				Base,
			);
			mainGroup = 988D35B92483B96E00912D77;
			productRefGroup = 988D35C32483B96E00912D77 /* Products */;
			projectDirPath = "";
			projectRoot = "";
			targets = (
				988D35C12483B96E00912D77 /* youtube-onedaybuild */,
			);
		};
/* End PBXProject section */

/* Begin PBXResourcesBuildPhase section */
		988D35C02483B96E00912D77 /* Resources */ = {
			isa = PBXResourcesBuildPhase;
			buildActionMask = 2147483647;
			files = (
				988D35D22483B96F00912D77 /* LaunchScreen.storyboard in Resources */,
				988D35CF2483B96F00912D77 /* Assets.xcassets in Resources */,
				988D35CD2483B96E00912D77 /* Main.storyboard in Resources */,
			);
			runOnlyForDeploymentPostprocessing = 0;
		};
/* End PBXResourcesBuildPhase section */

/* Begin PBXSourcesBuildPhase section */
		988D35BE2483B96E00912D77 /* Sources */ = {
			isa = PBXSourcesBuildPhase;
			buildActionMask = 2147483647;
			files = (
				988D35CA2483B96E00912D77 /* ViewController.swift in Sources */,
				988D35C62483B96E00912D77 /* AppDelegate.swift in Sources */,
				988D35C82483B96E00912D77 /* SceneDelegate.swift in Sources */,
			);
			runOnlyForDeploymentPostprocessing = 0;
		};
/* End PBXSourcesBuildPhase section */

/* Begin PBXVariantGroup section */
		988D35CB2483B96E00912D77 /* Main.storyboard */ = {
			isa = PBXVariantGroup;
			children = (
				988D35CC2483B96E00912D77 /* Base */,
			);
			name = Main.storyboard;
			sourceTree = "<group>";
		};
		988D35D02483B96F00912D77 /* LaunchScreen.storyboard */ = {
			isa = PBXVariantGroup;
			children = (
				988D35D12483B96F00912D77 /* Base */,
			);
			name = LaunchScreen.storyboard;
			sourceTree = "<group>";
		};
/* End PBXVariantGroup section */

/* Begin XCBuildConfiguration section */
		988D35D42483B96F00912D77 /* Debug */ = {
			isa = XCBuildConfiguration;
			buildSettings = {
				ALWAYS_SEARCH_USER_PATHS = NO;
				CLANG_ANALYZER_NONNULL = YES;
				CLANG_ANALYZER_NUMBER_OBJECT_CONVERSION = YES_AGGRESSIVE;
				CLANG_CXX_LANGUAGE_STANDARD = "gnu++14";
				CLANG_CXX_LIBRARY = "libc++";
				CLANG_ENABLE_MODULES = YES;
				CLANG_ENABLE_OBJC_ARC = YES;
				CLANG_ENABLE_OBJC_WEAK = YES;
				CLANG_WARN_BLOCK_CAPTURE_AUTORELEASING = YES;
				CLANG_WARN_BOOL_CONVERSION = YES;
				CLANG_WARN_COMMA = YES;
				CLANG_WARN_CONSTANT_CONVERSION = YES;
				CLANG_WARN_DEPRECATED_OBJC_IMPLEMENTATIONS = YES;
				CLANG_WARN_DIRECT_OBJC_ISA_USAGE = YES_ERROR;
				CLANG_WARN_DOCUMENTATION_COMMENTS = YES;
				CLANG_WARN_EMPTY_BODY = YES;
				CLANG_WARN_ENUM_CONVERSION = YES;
				CLANG_WARN_INFINITE_RECURSION = YES;
				CLANG_WARN_INT_CONVERSION = YES;
				CLANG_WARN_NON_LITERAL_NULL_CONVERSION = YES;
				CLANG_WARN_OBJC_IMPLICIT_RETAIN_SELF = YES;
				CLANG_WARN_OBJC_LITERAL_CONVERSION = YES;
				CLANG_WARN_OBJC_ROOT_CLASS = YES_ERROR;
				CLANG_WARN_RANGE_LOOP_ANALYSIS = YES;
				CLANG_WARN_STRICT_PROTOTYPES = YES;
				CLANG_WARN_SUSPICIOUS_MOVE = YES;
				CLANG_WARN_UNGUARDED_AVAILABILITY = YES_AGGRESSIVE;
				CLANG_WARN_UNREACHABLE_CODE = YES;
				CLANG_WARN__DUPLICATE_METHOD_MATCH = YES;
				COPY_PHASE_STRIP = NO;
				DEBUG_INFORMATION_FORMAT = dwarf;
				ENABLE_STRICT_OBJC_MSGSEND = YES;
				ENABLE_TESTABILITY = YES;
				GCC_C_LANGUAGE_STANDARD = gnu11;
				GCC_DYNAMIC_NO_PIC = NO;
				GCC_NO_COMMON_BLOCKS = YES;
				GCC_OPTIMIZATION_LEVEL = 0;
				GCC_PREPROCESSOR_DEFINITIONS = (
					"DEBUG=1",
					"$(inherited)",
				);
				GCC_WARN_64_TO_32_BIT_CONVERSION = YES;
				GCC_WARN_ABOUT_RETURN_TYPE = YES_ERROR;
				GCC_WARN_UNDECLARED_SELECTOR = YES;
				GCC_WARN_UNINITIALIZED_AUTOS = YES_AGGRESSIVE;
				GCC_WARN_UNUSED_FUNCTION = YES;
				GCC_WARN_UNUSED_VARIABLE = YES;
				IPHONEOS_DEPLOYMENT_TARGET = 13.5;
				MTL_ENABLE_DEBUG_INFO = INCLUDE_SOURCE;
				MTL_FAST_MATH = YES;
				ONLY_ACTIVE_ARCH = YES;
				SDKROOT = iphoneos;
				SWIFT_ACTIVE_COMPILATION_CONDITIONS = DEBUG;
				SWIFT_OPTIMIZATION_LEVEL = "-Onone";
			};
			name = Debug;
		};
		988D35D52483B96F00912D77 /* Release */ = {
			isa = XCBuildConfiguration;
			buildSettings = {
				ALWAYS_SEARCH_USER_PATHS = NO;
				CLANG_ANALYZER_NONNULL = YES;
				CLANG_ANALYZER_NUMBER_OBJECT_CONVERSION = YES_AGGRESSIVE;
				CLANG_CXX_LANGUAGE_STANDARD = "gnu++14";
				CLANG_CXX_LIBRARY = "libc++";
				CLANG_ENABLE_MODULES = YES;
				CLANG_ENABLE_OBJC_ARC = YES;
				CLANG_ENABLE_OBJC_WEAK = YES;
				CLANG_WARN_BLOCK_CAPTURE_AUTORELEASING = YES;
				CLANG_WARN_BOOL_CONVERSION = YES;
				CLANG_WARN_COMMA = YES;
				CLANG_WARN_CONSTANT_CONVERSION = YES;
				CLANG_WARN_DEPRECATED_OBJC_IMPLEMENTATIONS = YES;
				CLANG_WARN_DIRECT_OBJC_ISA_USAGE = YES_ERROR;
				CLANG_WARN_DOCUMENTATION_COMMENTS = YES;
				CLANG_WARN_EMPTY_BODY = YES;
				CLANG_WARN_ENUM_CONVERSION = YES;
				CLANG_WARN_INFINITE_RECURSION = YES;
				CLANG_WARN_INT_CONVERSION = YES;
				CLANG_WARN_NON_LITERAL_NULL_CONVERSION = YES;
				CLANG_WARN_OBJC_IMPLICIT_RETAIN_SELF = YES;
				CLANG_WARN_OBJC_LITERAL_CONVERSION = YES;
				CLANG_WARN_OBJC_ROOT_CLASS = YES_ERROR;
				CLANG_WARN_RANGE_LOOP_ANALYSIS = YES;
				CLANG_WARN_STRICT_PROTOTYPES = YES;
				CLANG_WARN_SUSPICIOUS_MOVE = YES;
				CLANG_WARN_UNGUARDED_AVAILABILITY = YES_AGGRESSIVE;
				CLANG_WARN_UNREACHABLE_CODE = YES;
				CLANG_WARN__DUPLICATE_METHOD_MATCH = YES;
				COPY_PHASE_STRIP = NO;
				DEBUG_INFORMATION_FORMAT = "dwarf-with-dsym";
				ENABLE_NS_ASSERTIONS = NO;
				ENABLE_STRICT_OBJC_MSGSEND = YES;
				GCC_C_LANGUAGE_STANDARD = gnu11;
				GCC_NO_COMMON_BLOCKS = YES;
				GCC_WARN_64_TO_32_BIT_CONVERSION = YES;
				GCC_WARN_ABOUT_RETURN_TYPE = YES_ERROR;
				GCC_WARN_UNDECLARED_SELECTOR = YES;
				GCC_WARN_UNINITIALIZED_AUTOS = YES_AGGRESSIVE;
				GCC_WARN_UNUSED_FUNCTION = YES;
				GCC_WARN_UNUSED_VARIABLE = YES;
				IPHONEOS_DEPLOYMENT_TARGET = 13.5;
				MTL_ENABLE_DEBUG_INFO = NO;
				MTL_FAST_MATH = YES;
				SDKROOT = iphoneos;
				SWIFT_COMPILATION_MODE = wholemodule;
				SWIFT_OPTIMIZATION_LEVEL = "-O";
				VALIDATE_PRODUCT = YES;
			};
			name = Release;
		};
		988D35D72483B96F00912D77 /* Debug */ = {
			isa = XCBuildConfiguration;
			buildSettings = {
				ASSETCATALOG_COMPILER_APPICON_NAME = AppIcon;
				CODE_SIGN_STYLE = Automatic;
				DEVELOPMENT_TEAM = 73R4T4D6V2;
				INFOPLIST_FILE = "youtube-onedaybuild/Info.plist";
				LD_RUNPATH_SEARCH_PATHS = (
					"$(inherited)",
					"@executable_path/Frameworks",
				);
				PRODUCT_BUNDLE_IDENTIFIER = "sunlight.youtube-onedaybuild";
				PRODUCT_NAME = "$(TARGET_NAME)";
				SWIFT_VERSION = 5.0;
				TARGETED_DEVICE_FAMILY = "1,2";
			};
			name = Debug;
		};
		988D35D82483B96F00912D77 /* Release */ = {
			isa = XCBuildConfiguration;
			buildSettings = {
				ASSETCATALOG_COMPILER_APPICON_NAME = AppIcon;
				CODE_SIGN_STYLE = Automatic;
				DEVELOPMENT_TEAM = 73R4T4D6V2;
				INFOPLIST_FILE = "youtube-onedaybuild/Info.plist";
				LD_RUNPATH_SEARCH_PATHS = (
					"$(inherited)",
					"@executable_path/Frameworks",
				);
				PRODUCT_BUNDLE_IDENTIFIER = "sunlight.youtube-onedaybuild";
				PRODUCT_NAME = "$(TARGET_NAME)";
				SWIFT_VERSION = 5.0;
				TARGETED_DEVICE_FAMILY = "1,2";
			};
			name = Release;
		};
/* End XCBuildConfiguration section */

/* Begin XCConfigurationList section */
		988D35BD2483B96E00912D77 /* Build configuration list for PBXProject "youtube-onedaybuild" */ = {
			isa = XCConfigurationList;
			buildConfigurations = (
				988D35D42483B96F00912D77 /* Debug */,
				988D35D52483B96F00912D77 /* Release */,
			);
			defaultConfigurationIsVisible = 0;
			defaultConfigurationName = Release;
		};
		988D35D62483B96F00912D77 /* Build configuration list for PBXNativeTarget "youtube-onedaybuild" */ = {
			isa = XCConfigurationList;
			buildConfigurations = (
				988D35D72483B96F00912D77 /* Debug */,
				988D35D82483B96F00912D77 /* Release */,
			);
			defaultConfigurationIsVisible = 0;
			defaultConfigurationName = Release;
		};
/* End XCConfigurationList section */
	};
	rootObject = 988D35BA2483B96E00912D77 /* Project object */;
}
